
Microsoft Visual Studio Solution File, Format Version 12.00
# Visual Studio 15
VisualStudioVersion = 15.0.27130.2027
MinimumVisualStudioVersion = 10.0.40219.1
Project("{2150E333-8FDC-42A3-9474-1A3956D46DE8}") = "Framework", "Framework", "{43648834-C86C-42CE-A248-B70C1F8A7519}"
EndProject
Project("{2150E333-8FDC-42A3-9474-1A3956D46DE8}") = "Presentation", "Presentation", "{641582B4-C6C5-4EF6-8165-4985AF43A351}"
EndProject
Project("{2150E333-8FDC-42A3-9474-1A3956D46DE8}") = "Tests", "Tests", "{3CA17B18-885F-4A21-8A8F-1D9FCCFCDE1D}"
EndProject
Project("{2150E333-8FDC-42A3-9474-1A3956D46DE8}") = "Business", "Business", "{201D422C-FC23-40A9-8692-07AB12A494B8}"
EndProject
Project("{2150E333-8FDC-42A3-9474-1A3956D46DE8}") = "Tests", "Tests", "{F1217437-C409-45AF-BE54-75E30AC98443}"
EndProject
Project("{9A19103F-16F7-4668-BE54-9A1E7A4F7556}") = "Mms.Framework.Comparers", "Mms.Framework.Comparers\Mms.Framework.Comparers.csproj", "{B1BD1267-8EDE-4D5B-9749-5A354B9EB4EA}"
EndProject
Project("{9A19103F-16F7-4668-BE54-9A1E7A4F7556}") = "Mms.Business.Services", "Mms.Business.Services\Mms.Business.Services.csproj", "{F8686892-5AED-4C33-818C-692884E80E70}"
EndProject
Project("{9A19103F-16F7-4668-BE54-9A1E7A4F7556}") = "Mms.Framework.Validators", "Mms.Framework.Validators\Mms.Framework.Validators.csproj", "{052220C0-C3A2-47A0-9001-D9023C98B5C5}"
EndProject
Project("{FAE04EC0-301F-11D3-BF4B-00C04F79EFBC}") = "Mms.Presentation.App", "Mms.Presentation.App\Mms.Presentation.App.csproj", "{4AE00CD7-F43D-4BF4-8C24-0C8A23E42663}"
EndProject
Project("{FAE04EC0-301F-11D3-BF4B-00C04F79EFBC}") = "Mms.Business.Services.Tests", "Mms.Business.Services.Tests\Mms.Business.Services.Tests.csproj", "{918CF76D-74C0-40A3-AD7F-D2B53CA634F8}"
EndProject
Project("{FAE04EC0-301F-11D3-BF4B-00C04F79EFBC}") = "Mms.Framework.Comparers.Tests", "Mms.Framework.Comparers.Tests\Mms.Framework.Comparers.Tests.csproj", "{225733CD-B62E-4822-9A30-6694CC075FB1}"
EndProject
Project("{FAE04EC0-301F-11D3-BF4B-00C04F79EFBC}") = "Mms.Framework.Validators.Tests", "Mms.Framework.Validators.Tests\Mms.Framework.Validators.Tests.csproj", "{8FE4F07B-993F-4F94-AD03-FB35C5D7CED5}"
EndProject
Global
	GlobalSection(SolutionConfigurationPlatforms) = preSolution
		Debug|Any CPU = Debug|Any CPU
		Debug|ARM = Debug|ARM
		Debug|x64 = Debug|x64
		Debug|x86 = Debug|x86
		Release|Any CPU = Release|Any CPU
		Release|ARM = Release|ARM
		Release|x64 = Release|x64
		Release|x86 = Release|x86
	EndGlobalSection
	GlobalSection(ProjectConfigurationPlatforms) = postSolution
		{B1BD1267-8EDE-4D5B-9749-5A354B9EB4EA}.Debug|Any CPU.ActiveCfg = Debug|Any CPU
		{B1BD1267-8EDE-4D5B-9749-5A354B9EB4EA}.Debug|Any CPU.Build.0 = Debug|Any CPU
		{B1BD1267-8EDE-4D5B-9749-5A354B9EB4EA}.Debug|ARM.ActiveCfg = Debug|Any CPU
		{B1BD1267-8EDE-4D5B-9749-5A354B9EB4EA}.Debug|ARM.Build.0 = Debug|Any CPU
		{B1BD1267-8EDE-4D5B-9749-5A354B9EB4EA}.Debug|x64.ActiveCfg = Debug|Any CPU
		{B1BD1267-8EDE-4D5B-9749-5A354B9EB4EA}.Debug|x64.Build.0 = Debug|Any CPU
		{B1BD1267-8EDE-4D5B-9749-5A354B9EB4EA}.Debug|x86.ActiveCfg = Debug|Any CPU
		{B1BD1267-8EDE-4D5B-9749-5A354B9EB4EA}.Debug|x86.Build.0 = Debug|Any CPU
		{B1BD1267-8EDE-4D5B-9749-5A354B9EB4EA}.Release|Any CPU.ActiveCfg = Release|Any CPU
		{B1BD1267-8EDE-4D5B-9749-5A354B9EB4EA}.Release|Any CPU.Build.0 = Release|Any CPU
		{B1BD1267-8EDE-4D5B-9749-5A354B9EB4EA}.Release|ARM.ActiveCfg = Release|Any CPU
		{B1BD1267-8EDE-4D5B-9749-5A354B9EB4EA}.Release|ARM.Build.0 = Release|Any CPU
		{B1BD1267-8EDE-4D5B-9749-5A354B9EB4EA}.Release|x64.ActiveCfg = Release|Any CPU
		{B1BD1267-8EDE-4D5B-9749-5A354B9EB4EA}.Release|x64.Build.0 = Release|Any CPU
		{B1BD1267-8EDE-4D5B-9749-5A354B9EB4EA}.Release|x86.ActiveCfg = Release|Any CPU
		{B1BD1267-8EDE-4D5B-9749-5A354B9EB4EA}.Release|x86.Build.0 = Release|Any CPU
		{F8686892-5AED-4C33-818C-692884E80E70}.Debug|Any CPU.ActiveCfg = Debug|Any CPU
		{F8686892-5AED-4C33-818C-692884E80E70}.Debug|Any CPU.Build.0 = Debug|Any CPU
		{F8686892-5AED-4C33-818C-692884E80E70}.Debug|ARM.ActiveCfg = Debug|Any CPU
		{F8686892-5AED-4C33-818C-692884E80E70}.Debug|ARM.Build.0 = Debug|Any CPU
		{F8686892-5AED-4C33-818C-692884E80E70}.Debug|x64.ActiveCfg = Debug|Any CPU
		{F8686892-5AED-4C33-818C-692884E80E70}.Debug|x64.Build.0 = Debug|Any CPU
		{F8686892-5AED-4C33-818C-692884E80E70}.Debug|x86.ActiveCfg = Debug|Any CPU
		{F8686892-5AED-4C33-818C-692884E80E70}.Debug|x86.Build.0 = Debug|Any CPU
		{F8686892-5AED-4C33-818C-692884E80E70}.Release|Any CPU.ActiveCfg = Release|Any CPU
		{F8686892-5AED-4C33-818C-692884E80E70}.Release|Any CPU.Build.0 = Release|Any CPU
		{F8686892-5AED-4C33-818C-692884E80E70}.Release|ARM.ActiveCfg = Release|Any CPU
		{F8686892-5AED-4C33-818C-692884E80E70}.Release|ARM.Build.0 = Release|Any CPU
		{F8686892-5AED-4C33-818C-692884E80E70}.Release|x64.ActiveCfg = Release|Any CPU
		{F8686892-5AED-4C33-818C-692884E80E70}.Release|x64.Build.0 = Release|Any CPU
		{F8686892-5AED-4C33-818C-692884E80E70}.Release|x86.ActiveCfg = Release|Any CPU
		{F8686892-5AED-4C33-818C-692884E80E70}.Release|x86.Build.0 = Release|Any CPU
		{052220C0-C3A2-47A0-9001-D9023C98B5C5}.Debug|Any CPU.ActiveCfg = Debug|Any CPU
		{052220C0-C3A2-47A0-9001-D9023C98B5C5}.Debug|Any CPU.Build.0 = Debug|Any CPU
		{052220C0-C3A2-47A0-9001-D9023C98B5C5}.Debug|ARM.ActiveCfg = Debug|Any CPU
		{052220C0-C3A2-47A0-9001-D9023C98B5C5}.Debug|ARM.Build.0 = Debug|Any CPU
		{052220C0-C3A2-47A0-9001-D9023C98B5C5}.Debug|x64.ActiveCfg = Debug|Any CPU
		{052220C0-C3A2-47A0-9001-D9023C98B5C5}.Debug|x64.Build.0 = Debug|Any CPU
		{052220C0-C3A2-47A0-9001-D9023C98B5C5}.Debug|x86.ActiveCfg = Debug|Any CPU
		{052220C0-C3A2-47A0-9001-D9023C98B5C5}.Debug|x86.Build.0 = Debug|Any CPU
		{052220C0-C3A2-47A0-9001-D9023C98B5C5}.Release|Any CPU.ActiveCfg = Release|Any CPU
		{052220C0-C3A2-47A0-9001-D9023C98B5C5}.Release|Any CPU.Build.0 = Release|Any CPU
		{052220C0-C3A2-47A0-9001-D9023C98B5C5}.Release|ARM.ActiveCfg = Release|Any CPU
		{052220C0-C3A2-47A0-9001-D9023C98B5C5}.Release|ARM.Build.0 = Release|Any CPU
		{052220C0-C3A2-47A0-9001-D9023C98B5C5}.Release|x64.ActiveCfg = Release|Any CPU
		{052220C0-C3A2-47A0-9001-D9023C98B5C5}.Release|x64.Build.0 = Release|Any CPU
		{052220C0-C3A2-47A0-9001-D9023C98B5C5}.Release|x86.ActiveCfg = Release|Any CPU
		{052220C0-C3A2-47A0-9001-D9023C98B5C5}.Release|x86.Build.0 = Release|Any CPU
		{4AE00CD7-F43D-4BF4-8C24-0C8A23E42663}.Debug|Any CPU.ActiveCfg = Debug|x86
		{4AE00CD7-F43D-4BF4-8C24-0C8A23E42663}.Debug|ARM.ActiveCfg = Debug|ARM
		{4AE00CD7-F43D-4BF4-8C24-0C8A23E42663}.Debug|ARM.Build.0 = Debug|ARM
		{4AE00CD7-F43D-4BF4-8C24-0C8A23E42663}.Debug|ARM.Deploy.0 = Debug|ARM
		{4AE00CD7-F43D-4BF4-8C24-0C8A23E42663}.Debug|x64.ActiveCfg = Debug|x64
		{4AE00CD7-F43D-4BF4-8C24-0C8A23E42663}.Debug|x64.Build.0 = Debug|x64
		{4AE00CD7-F43D-4BF4-8C24-0C8A23E42663}.Debug|x64.Deploy.0 = Debug|x64
		{4AE00CD7-F43D-4BF4-8C24-0C8A23E42663}.Debug|x86.ActiveCfg = Debug|x86
		{4AE00CD7-F43D-4BF4-8C24-0C8A23E42663}.Debug|x86.Build.0 = Debug|x86
		{4AE00CD7-F43D-4BF4-8C24-0C8A23E42663}.Debug|x86.Deploy.0 = Debug|x86
		{4AE00CD7-F43D-4BF4-8C24-0C8A23E42663}.Release|Any CPU.ActiveCfg = Release|x86
		{4AE00CD7-F43D-4BF4-8C24-0C8A23E42663}.Release|ARM.ActiveCfg = Release|ARM
		{4AE00CD7-F43D-4BF4-8C24-0C8A23E42663}.Release|ARM.Build.0 = Release|ARM
		{4AE00CD7-F43D-4BF4-8C24-0C8A23E42663}.Release|ARM.Deploy.0 = Release|ARM
		{4AE00CD7-F43D-4BF4-8C24-0C8A23E42663}.Release|x64.ActiveCfg = Release|x64
		{4AE00CD7-F43D-4BF4-8C24-0C8A23E42663}.Release|x64.Build.0 = Release|x64
		{4AE00CD7-F43D-4BF4-8C24-0C8A23E42663}.Release|x64.Deploy.0 = Release|x64
		{4AE00CD7-F43D-4BF4-8C24-0C8A23E42663}.Release|x86.ActiveCfg = Release|x86
		{4AE00CD7-F43D-4BF4-8C24-0C8A23E42663}.Release|x86.Build.0 = Release|x86
		{4AE00CD7-F43D-4BF4-8C24-0C8A23E42663}.Release|x86.Deploy.0 = Release|x86
		{918CF76D-74C0-40A3-AD7F-D2B53CA634F8}.Debug|Any CPU.ActiveCfg = Debug|Any CPU
		{918CF76D-74C0-40A3-AD7F-D2B53CA634F8}.Debug|Any CPU.Build.0 = Debug|Any CPU
		{918CF76D-74C0-40A3-AD7F-D2B53CA634F8}.Debug|ARM.ActiveCfg = Debug|Any CPU
		{918CF76D-74C0-40A3-AD7F-D2B53CA634F8}.Debug|ARM.Build.0 = Debug|Any CPU
		{918CF76D-74C0-40A3-AD7F-D2B53CA634F8}.Debug|x64.ActiveCfg = Debug|Any CPU
		{918CF76D-74C0-40A3-AD7F-D2B53CA634F8}.Debug|x64.Build.0 = Debug|Any CPU
		{918CF76D-74C0-40A3-AD7F-D2B53CA634F8}.Debug|x86.ActiveCfg = Debug|Any CPU
		{918CF76D-74C0-40A3-AD7F-D2B53CA634F8}.Debug|x86.Build.0 = Debug|Any CPU
		{918CF76D-74C0-40A3-AD7F-D2B53CA634F8}.Release|Any CPU.ActiveCfg = Release|Any CPU
		{918CF76D-74C0-40A3-AD7F-D2B53CA634F8}.Release|Any CPU.Build.0 = Release|Any CPU
		{918CF76D-74C0-40A3-AD7F-D2B53CA634F8}.Release|ARM.ActiveCfg = Release|Any CPU
		{918CF76D-74C0-40A3-AD7F-D2B53CA634F8}.Release|ARM.Build.0 = Release|Any CPU
		{918CF76D-74C0-40A3-AD7F-D2B53CA634F8}.Release|x64.ActiveCfg = Release|Any CPU
		{918CF76D-74C0-40A3-AD7F-D2B53CA634F8}.Release|x64.Build.0 = Release|Any CPU
		{918CF76D-74C0-40A3-AD7F-D2B53CA634F8}.Release|x86.ActiveCfg = Release|Any CPU
		{918CF76D-74C0-40A3-AD7F-D2B53CA634F8}.Release|x86.Build.0 = Release|Any CPU
		{225733CD-B62E-4822-9A30-6694CC075FB1}.Debug|Any CPU.ActiveCfg = Debug|Any CPU
		{225733CD-B62E-4822-9A30-6694CC075FB1}.Debug|Any CPU.Build.0 = Debug|Any CPU
		{225733CD-B62E-4822-9A30-6694CC075FB1}.Debug|ARM.ActiveCfg = Debug|Any CPU
		{225733CD-B62E-4822-9A30-6694CC075FB1}.Debug|ARM.Build.0 = Debug|Any CPU
		{225733CD-B62E-4822-9A30-6694CC075FB1}.Debug|x64.ActiveCfg = Debug|Any CPU
		{225733CD-B62E-4822-9A30-6694CC075FB1}.Debug|x64.Build.0 = Debug|Any CPU
		{225733CD-B62E-4822-9A30-6694CC075FB1}.Debug|x86.ActiveCfg = Debug|Any CPU
		{225733CD-B62E-4822-9A30-6694CC075FB1}.Debug|x86.Build.0 = Debug|Any CPU
		{225733CD-B62E-4822-9A30-6694CC075FB1}.Release|Any CPU.ActiveCfg = Release|Any CPU
		{225733CD-B62E-4822-9A30-6694CC075FB1}.Release|Any CPU.Build.0 = Release|Any CPU
		{225733CD-B62E-4822-9A30-6694CC075FB1}.Release|ARM.ActiveCfg = Release|Any CPU
		{225733CD-B62E-4822-9A30-6694CC075FB1}.Release|ARM.Build.0 = Release|Any CPU
		{225733CD-B62E-4822-9A30-6694CC075FB1}.Release|x64.ActiveCfg = Release|Any CPU
		{225733CD-B62E-4822-9A30-6694CC075FB1}.Release|x64.Build.0 = Release|Any CPU
		{225733CD-B62E-4822-9A30-6694CC075FB1}.Release|x86.ActiveCfg = Release|Any CPU
		{225733CD-B62E-4822-9A30-6694CC075FB1}.Release|x86.Build.0 = Release|Any CPU
		{8FE4F07B-993F-4F94-AD03-FB35C5D7CED5}.Debug|Any CPU.ActiveCfg = Debug|Any CPU
		{8FE4F07B-993F-4F94-AD03-FB35C5D7CED5}.Debug|Any CPU.Build.0 = Debug|Any CPU
		{8FE4F07B-993F-4F94-AD03-FB35C5D7CED5}.Debug|ARM.ActiveCfg = Debug|Any CPU
		{8FE4F07B-993F-4F94-AD03-FB35C5D7CED5}.Debug|ARM.Build.0 = Debug|Any CPU
		{8FE4F07B-993F-4F94-AD03-FB35C5D7CED5}.Debug|x64.ActiveCfg = Debug|Any CPU
		{8FE4F07B-993F-4F94-AD03-FB35C5D7CED5}.Debug|x64.Build.0 = Debug|Any CPU
		{8FE4F07B-993F-4F94-AD03-FB35C5D7CED5}.Debug|x86.ActiveCfg = Debug|Any CPU
		{8FE4F07B-993F-4F94-AD03-FB35C5D7CED5}.Debug|x86.Build.0 = Debug|Any CPU
		{8FE4F07B-993F-4F94-AD03-FB35C5D7CED5}.Release|Any CPU.ActiveCfg = Release|Any CPU
		{8FE4F07B-993F-4F94-AD03-FB35C5D7CED5}.Release|Any CPU.Build.0 = Release|Any CPU
		{8FE4F07B-993F-4F94-AD03-FB35C5D7CED5}.Release|ARM.ActiveCfg = Release|Any CPU
		{8FE4F07B-993F-4F94-AD03-FB35C5D7CED5}.Release|ARM.Build.0 = Release|Any CPU
		{8FE4F07B-993F-4F94-AD03-FB35C5D7CED5}.Release|x64.ActiveCfg = Release|Any CPU
		{8FE4F07B-993F-4F94-AD03-FB35C5D7CED5}.Release|x64.Build.0 = Release|Any CPU
		{8FE4F07B-993F-4F94-AD03-FB35C5D7CED5}.Release|x86.ActiveCfg = Release|Any CPU
		{8FE4F07B-993F-4F94-AD03-FB35C5D7CED5}.Release|x86.Build.0 = Release|Any CPU
	EndGlobalSection
	GlobalSection(SolutionProperties) = preSolution
		HideSolutionNode = FALSE
	EndGlobalSection
	GlobalSection(NestedProjects) = preSolution
		{3CA17B18-885F-4A21-8A8F-1D9FCCFCDE1D} = {43648834-C86C-42CE-A248-B70C1F8A7519}
		{F1217437-C409-45AF-BE54-75E30AC98443} = {201D422C-FC23-40A9-8692-07AB12A494B8}
		{B1BD1267-8EDE-4D5B-9749-5A354B9EB4EA} = {43648834-C86C-42CE-A248-B70C1F8A7519}
		{F8686892-5AED-4C33-818C-692884E80E70} = {201D422C-FC23-40A9-8692-07AB12A494B8}
		{052220C0-C3A2-47A0-9001-D9023C98B5C5} = {43648834-C86C-42CE-A248-B70C1F8A7519}
		{4AE00CD7-F43D-4BF4-8C24-0C8A23E42663} = {641582B4-C6C5-4EF6-8165-4985AF43A351}
		{918CF76D-74C0-40A3-AD7F-D2B53CA634F8} = {F1217437-C409-45AF-BE54-75E30AC98443}
		{225733CD-B62E-4822-9A30-6694CC075FB1} = {3CA17B18-885F-4A21-8A8F-1D9FCCFCDE1D}
		{8FE4F07B-993F-4F94-AD03-FB35C5D7CED5} = {3CA17B18-885F-4A21-8A8F-1D9FCCFCDE1D}
	EndGlobalSection
	GlobalSection(ExtensibilityGlobals) = postSolution
		SolutionGuid = {DC430ABB-ECE2-43AD-AA2A-7D3CAB4D89EF}
	EndGlobalSection
EndGlobal
